
Microsoft Visual Studio Solution File, Format Version 12.00
Project("{FAE04EC0-301F-11D3-BF4B-00C04F79EFBC}") = "VideoDownloader", "VideoDownloader\VideoDownloader.csproj", "{5F7DB3A4-29E8-4088-95AC-84C6FE3B4B29}"
EndProject
Project("{FAE04EC0-301F-11D3-BF4B-00C04F79EFBC}") = "VideoDownloaderTests", "VideoDownloaderTests\VideoDownloaderTests.csproj", "{43464E87-2250-452F-B285-8CF77988FCD9}"
EndProject
Global
	GlobalSection(SolutionConfigurationPlatforms) = preSolution
		Debug|Any CPU = Debug|Any CPU
		Release|Any CPU = Release|Any CPU
	EndGlobalSection
	GlobalSection(ProjectConfigurationPlatforms) = postSolution
		{5F7DB3A4-29E8-4088-95AC-84C6FE3B4B29}.Debug|Any CPU.ActiveCfg = Debug|Any CPU
		{5F7DB3A4-29E8-4088-95AC-84C6FE3B4B29}.Debug|Any CPU.Build.0 = Debug|Any CPU
		{5F7DB3A4-29E8-4088-95AC-84C6FE3B4B29}.Release|Any CPU.ActiveCfg = Release|Any CPU
		{5F7DB3A4-29E8-4088-95AC-84C6FE3B4B29}.Release|Any CPU.Build.0 = Release|Any CPU
		{43464E87-2250-452F-B285-8CF77988FCD9}.Debug|Any CPU.ActiveCfg = Debug|Any CPU
		{43464E87-2250-452F-B285-8CF77988FCD9}.Debug|Any CPU.Build.0 = Debug|Any CPU
		{43464E87-2250-452F-B285-8CF77988FCD9}.Release|Any CPU.ActiveCfg = Release|Any CPU
		{43464E87-2250-452F-B285-8CF77988FCD9}.Release|Any CPU.Build.0 = Release|Any CPU
	EndGlobalSection
EndGlobal
